
Microsoft Visual Studio Solution File, Format Version 12.00
# Visual Studio Version 17
VisualStudioVersion = 17.4.33213.308
MinimumVisualStudioVersion = 10.0.40219.1
Project("{FAE04EC0-301F-11D3-BF4B-00C04F79EFBC}") = "MqttTaskMaganer", "MqttTaskMaganer\MqttTaskMaganer.csproj", "{F234CCCD-3F5C-4040-904B-93B9DAFC34DA}"
EndProject
Global
	GlobalSection(SolutionConfigurationPlatforms) = preSolution
		Debug|Any CPU = Debug|Any CPU
		Release|Any CPU = Release|Any CPU
	EndGlobalSection
	GlobalSection(ProjectConfigurationPlatforms) = postSolution
		{F234CCCD-3F5C-4040-904B-93B9DAFC34DA}.Debug|Any CPU.ActiveCfg = Debug|Any CPU
		{F234CCCD-3F5C-4040-904B-93B9DAFC34DA}.Debug|Any CPU.Build.0 = Debug|Any CPU
		{F234CCCD-3F5C-4040-904B-93B9DAFC34DA}.Release|Any CPU.ActiveCfg = Release|Any CPU
		{F234CCCD-3F5C-4040-904B-93B9DAFC34DA}.Release|Any CPU.Build.0 = Release|Any CPU
	EndGlobalSection
	GlobalSection(SolutionProperties) = preSolution
		HideSolutionNode = FALSE
	EndGlobalSection
	GlobalSection(ExtensibilityGlobals) = postSolution
		SolutionGuid = {5531ECC4-AF5A-42FE-A19C-3B2E69862B4F}
	EndGlobalSection
EndGlobal
